// !$*UTF8*$!
{
	archiveVersion = 1;
	classes = {
	};
	objectVersion = 55;
	objects = {

/* Begin PBXBuildFile section */
		38581811277F586E00B87B04 /* AppDelegate.swift in Sources */ = {isa = PBXBuildFile; fileRef = 38581810277F586E00B87B04 /* AppDelegate.swift */; };
		3858181A277F587400B87B04 /* Assets.xcassets in Resources */ = {isa = PBXBuildFile; fileRef = 38581819277F587400B87B04 /* Assets.xcassets */; };
		3858181D277F587400B87B04 /* LaunchScreen.storyboard in Resources */ = {isa = PBXBuildFile; fileRef = 3858181B277F587400B87B04 /* LaunchScreen.storyboard */; };
		38581828277F587400B87B04 /* ConnectTests.swift in Sources */ = {isa = PBXBuildFile; fileRef = 38581827277F587400B87B04 /* ConnectTests.swift */; };
		38581832277F587400B87B04 /* ConnectUITests.swift in Sources */ = {isa = PBXBuildFile; fileRef = 38581831277F587400B87B04 /* ConnectUITests.swift */; };
		38581834277F587500B87B04 /* ConnectUITestsLaunchTests.swift in Sources */ = {isa = PBXBuildFile; fileRef = 38581833277F587500B87B04 /* ConnectUITestsLaunchTests.swift */; };
		38581844277F62DD00B87B04 /* Home.storyboard in Resources */ = {isa = PBXBuildFile; fileRef = 38581843277F62DD00B87B04 /* Home.storyboard */; };
		38581846277F62F700B87B04 /* HomeViewController.swift in Sources */ = {isa = PBXBuildFile; fileRef = 38581845277F62F700B87B04 /* HomeViewController.swift */; };
		3858184A277F698000B87B04 /* NetworkService.swift in Sources */ = {isa = PBXBuildFile; fileRef = 38581849277F698000B87B04 /* NetworkService.swift */; };
		3858184D277F6A0800B87B04 /* Room.swift in Sources */ = {isa = PBXBuildFile; fileRef = 3858184C277F6A0800B87B04 /* Room.swift */; };
		38581850277F6BAF00B87B04 /* Rooms.storyboard in Resources */ = {isa = PBXBuildFile; fileRef = 3858184F277F6BAF00B87B04 /* Rooms.storyboard */; };
		38581852277F6BC400B87B04 /* RoomsViewController.swift in Sources */ = {isa = PBXBuildFile; fileRef = 38581851277F6BC400B87B04 /* RoomsViewController.swift */; };
		38581855277F97BC00B87B04 /* RoomsViewModel.swift in Sources */ = {isa = PBXBuildFile; fileRef = 38581854277F97BC00B87B04 /* RoomsViewModel.swift */; };
		38581858277F9B9B00B87B04 /* RoomTableViewCell.swift in Sources */ = {isa = PBXBuildFile; fileRef = 38581856277F9B9A00B87B04 /* RoomTableViewCell.swift */; };
		38581859277F9B9B00B87B04 /* RoomTableViewCell.xib in Resources */ = {isa = PBXBuildFile; fileRef = 38581857277F9B9B00B87B04 /* RoomTableViewCell.xib */; };
		3858185C277FA39100B87B04 /* RoomsHeaderView.swift in Sources */ = {isa = PBXBuildFile; fileRef = 3858185B277FA39100B87B04 /* RoomsHeaderView.swift */; };
		3858185F277FA41E00B87B04 /* RoomsHeaderView.xib in Resources */ = {isa = PBXBuildFile; fileRef = 3858185E277FA41E00B87B04 /* RoomsHeaderView.xib */; };
		385818612780750C00B87B04 /* Person.swift in Sources */ = {isa = PBXBuildFile; fileRef = 385818602780750C00B87B04 /* Person.swift */; };
		38581863278076B700B87B04 /* People.storyboard in Resources */ = {isa = PBXBuildFile; fileRef = 38581862278076B700B87B04 /* People.storyboard */; };
		38581865278077A300B87B04 /* PeopleMasterTableViewController.swift in Sources */ = {isa = PBXBuildFile; fileRef = 38581864278077A300B87B04 /* PeopleMasterTableViewController.swift */; };
		3858186827807B0100B87B04 /* PeopleDetailViewController.swift in Sources */ = {isa = PBXBuildFile; fileRef = 3858186727807B0100B87B04 /* PeopleDetailViewController.swift */; };
		3858186A2780872A00B87B04 /* PeopleSplitViewController.swift in Sources */ = {isa = PBXBuildFile; fileRef = 385818692780872A00B87B04 /* PeopleSplitViewController.swift */; };
		3858186C27808F7900B87B04 /* PeopleViewModel.swift in Sources */ = {isa = PBXBuildFile; fileRef = 3858186B27808F7900B87B04 /* PeopleViewModel.swift */; };
/* End PBXBuildFile section */

/* Begin PBXContainerItemProxy section */
		38581824277F587400B87B04 /* PBXContainerItemProxy */ = {
			isa = PBXContainerItemProxy;
			containerPortal = 38581805277F586E00B87B04 /* Project object */;
			proxyType = 1;
			remoteGlobalIDString = 3858180C277F586E00B87B04;
			remoteInfo = Connect;
		};
		3858182E277F587400B87B04 /* PBXContainerItemProxy */ = {
			isa = PBXContainerItemProxy;
			containerPortal = 38581805277F586E00B87B04 /* Project object */;
			proxyType = 1;
			remoteGlobalIDString = 3858180C277F586E00B87B04;
			remoteInfo = Connect;
		};
/* End PBXContainerItemProxy section */

/* Begin PBXFileReference section */
		3858180D277F586E00B87B04 /* Connect.app */ = {isa = PBXFileReference; explicitFileType = wrapper.application; includeInIndex = 0; path = Connect.app; sourceTree = BUILT_PRODUCTS_DIR; };
		38581810277F586E00B87B04 /* AppDelegate.swift */ = {isa = PBXFileReference; lastKnownFileType = sourcecode.swift; path = AppDelegate.swift; sourceTree = "<group>"; };
		38581819277F587400B87B04 /* Assets.xcassets */ = {isa = PBXFileReference; lastKnownFileType = folder.assetcatalog; path = Assets.xcassets; sourceTree = "<group>"; };
		3858181C277F587400B87B04 /* Base */ = {isa = PBXFileReference; lastKnownFileType = file.storyboard; name = Base; path = Base.lproj/LaunchScreen.storyboard; sourceTree = "<group>"; };
		3858181E277F587400B87B04 /* Info.plist */ = {isa = PBXFileReference; lastKnownFileType = text.plist.xml; path = Info.plist; sourceTree = "<group>"; };
		38581823277F587400B87B04 /* ConnectTests.xctest */ = {isa = PBXFileReference; explicitFileType = wrapper.cfbundle; includeInIndex = 0; path = ConnectTests.xctest; sourceTree = BUILT_PRODUCTS_DIR; };
		38581827277F587400B87B04 /* ConnectTests.swift */ = {isa = PBXFileReference; lastKnownFileType = sourcecode.swift; path = ConnectTests.swift; sourceTree = "<group>"; };
		3858182D277F587400B87B04 /* ConnectUITests.xctest */ = {isa = PBXFileReference; explicitFileType = wrapper.cfbundle; includeInIndex = 0; path = ConnectUITests.xctest; sourceTree = BUILT_PRODUCTS_DIR; };
		38581831277F587400B87B04 /* ConnectUITests.swift */ = {isa = PBXFileReference; lastKnownFileType = sourcecode.swift; path = ConnectUITests.swift; sourceTree = "<group>"; };
		38581833277F587500B87B04 /* ConnectUITestsLaunchTests.swift */ = {isa = PBXFileReference; lastKnownFileType = sourcecode.swift; path = ConnectUITestsLaunchTests.swift; sourceTree = "<group>"; };
		38581843277F62DD00B87B04 /* Home.storyboard */ = {isa = PBXFileReference; lastKnownFileType = file.storyboard; path = Home.storyboard; sourceTree = "<group>"; };
		38581845277F62F700B87B04 /* HomeViewController.swift */ = {isa = PBXFileReference; lastKnownFileType = sourcecode.swift; path = HomeViewController.swift; sourceTree = "<group>"; };
		38581849277F698000B87B04 /* NetworkService.swift */ = {isa = PBXFileReference; lastKnownFileType = sourcecode.swift; path = NetworkService.swift; sourceTree = "<group>"; };
		3858184C277F6A0800B87B04 /* Room.swift */ = {isa = PBXFileReference; lastKnownFileType = sourcecode.swift; path = Room.swift; sourceTree = "<group>"; };
		3858184F277F6BAF00B87B04 /* Rooms.storyboard */ = {isa = PBXFileReference; lastKnownFileType = file.storyboard; path = Rooms.storyboard; sourceTree = "<group>"; };
		38581851277F6BC400B87B04 /* RoomsViewController.swift */ = {isa = PBXFileReference; lastKnownFileType = sourcecode.swift; path = RoomsViewController.swift; sourceTree = "<group>"; };
		38581854277F97BC00B87B04 /* RoomsViewModel.swift */ = {isa = PBXFileReference; lastKnownFileType = sourcecode.swift; path = RoomsViewModel.swift; sourceTree = "<group>"; };
		38581856277F9B9A00B87B04 /* RoomTableViewCell.swift */ = {isa = PBXFileReference; lastKnownFileType = sourcecode.swift; path = RoomTableViewCell.swift; sourceTree = "<group>"; };
		38581857277F9B9B00B87B04 /* RoomTableViewCell.xib */ = {isa = PBXFileReference; lastKnownFileType = file.xib; path = RoomTableViewCell.xib; sourceTree = "<group>"; };
		3858185B277FA39100B87B04 /* RoomsHeaderView.swift */ = {isa = PBXFileReference; lastKnownFileType = sourcecode.swift; path = RoomsHeaderView.swift; sourceTree = "<group>"; };
		3858185E277FA41E00B87B04 /* RoomsHeaderView.xib */ = {isa = PBXFileReference; lastKnownFileType = file.xib; path = RoomsHeaderView.xib; sourceTree = "<group>"; };
		385818602780750C00B87B04 /* Person.swift */ = {isa = PBXFileReference; lastKnownFileType = sourcecode.swift; path = Person.swift; sourceTree = "<group>"; };
		38581862278076B700B87B04 /* People.storyboard */ = {isa = PBXFileReference; lastKnownFileType = file.storyboard; path = People.storyboard; sourceTree = "<group>"; };
		38581864278077A300B87B04 /* PeopleMasterTableViewController.swift */ = {isa = PBXFileReference; lastKnownFileType = sourcecode.swift; path = PeopleMasterTableViewController.swift; sourceTree = "<group>"; };
		3858186727807B0100B87B04 /* PeopleDetailViewController.swift */ = {isa = PBXFileReference; lastKnownFileType = sourcecode.swift; path = PeopleDetailViewController.swift; sourceTree = "<group>"; };
		385818692780872A00B87B04 /* PeopleSplitViewController.swift */ = {isa = PBXFileReference; lastKnownFileType = sourcecode.swift; path = PeopleSplitViewController.swift; sourceTree = "<group>"; };
		3858186B27808F7900B87B04 /* PeopleViewModel.swift */ = {isa = PBXFileReference; lastKnownFileType = sourcecode.swift; path = PeopleViewModel.swift; sourceTree = "<group>"; };
/* End PBXFileReference section */

/* Begin PBXFrameworksBuildPhase section */
		3858180A277F586E00B87B04 /* Frameworks */ = {
			isa = PBXFrameworksBuildPhase;
			buildActionMask = 2147483647;
			files = (
			);
			runOnlyForDeploymentPostprocessing = 0;
		};
		38581820277F587400B87B04 /* Frameworks */ = {
			isa = PBXFrameworksBuildPhase;
			buildActionMask = 2147483647;
			files = (
			);
			runOnlyForDeploymentPostprocessing = 0;
		};
		3858182A277F587400B87B04 /* Frameworks */ = {
			isa = PBXFrameworksBuildPhase;
			buildActionMask = 2147483647;
			files = (
			);
			runOnlyForDeploymentPostprocessing = 0;
		};
/* End PBXFrameworksBuildPhase section */

/* Begin PBXGroup section */
		38581804277F586E00B87B04 = {
			isa = PBXGroup;
			children = (
				3858180F277F586E00B87B04 /* Connect */,
				38581826277F587400B87B04 /* ConnectTests */,
				38581830277F587400B87B04 /* ConnectUITests */,
				3858180E277F586E00B87B04 /* Products */,
			);
			sourceTree = "<group>";
		};
		3858180E277F586E00B87B04 /* Products */ = {
			isa = PBXGroup;
			children = (
				3858180D277F586E00B87B04 /* Connect.app */,
				38581823277F587400B87B04 /* ConnectTests.xctest */,
				3858182D277F587400B87B04 /* ConnectUITests.xctest */,
			);
			name = Products;
			sourceTree = "<group>";
		};
		3858180F277F586E00B87B04 /* Connect */ = {
			isa = PBXGroup;
			children = (
				3858181E277F587400B87B04 /* Info.plist */,
				38581840277F629400B87B04 /* Supporting Files */,
				3858184B277F699A00B87B04 /* Network */,
				3858184E277F6A0D00B87B04 /* Models */,
				38581848277F696000B87B04 /* Scenes */,
			);
			path = Connect;
			sourceTree = "<group>";
		};
		38581826277F587400B87B04 /* ConnectTests */ = {
			isa = PBXGroup;
			children = (
				38581827277F587400B87B04 /* ConnectTests.swift */,
			);
			path = ConnectTests;
			sourceTree = "<group>";
		};
		38581830277F587400B87B04 /* ConnectUITests */ = {
			isa = PBXGroup;
			children = (
				38581831277F587400B87B04 /* ConnectUITests.swift */,
				38581833277F587500B87B04 /* ConnectUITestsLaunchTests.swift */,
			);
			path = ConnectUITests;
			sourceTree = "<group>";
		};
		38581840277F629400B87B04 /* Supporting Files */ = {
			isa = PBXGroup;
			children = (
				38581810277F586E00B87B04 /* AppDelegate.swift */,
				38581819277F587400B87B04 /* Assets.xcassets */,
				3858181B277F587400B87B04 /* LaunchScreen.storyboard */,
			);
			path = "Supporting Files";
			sourceTree = "<group>";
		};
		38581847277F695700B87B04 /* Home */ = {
			isa = PBXGroup;
			children = (
				38581843277F62DD00B87B04 /* Home.storyboard */,
				38581845277F62F700B87B04 /* HomeViewController.swift */,
			);
			path = Home;
			sourceTree = "<group>";
		};
		38581848277F696000B87B04 /* Scenes */ = {
			isa = PBXGroup;
			children = (
				38581847277F695700B87B04 /* Home */,
				38581853277F6BD200B87B04 /* Rooms */,
				38581866278077AA00B87B04 /* People */,
			);
			path = Scenes;
			sourceTree = "<group>";
		};
		3858184B277F699A00B87B04 /* Network */ = {
			isa = PBXGroup;
			children = (
				38581849277F698000B87B04 /* NetworkService.swift */,
			);
			path = Network;
			sourceTree = "<group>";
		};
		3858184E277F6A0D00B87B04 /* Models */ = {
			isa = PBXGroup;
			children = (
				3858184C277F6A0800B87B04 /* Room.swift */,
				385818602780750C00B87B04 /* Person.swift */,
			);
			path = Models;
			sourceTree = "<group>";
		};
		38581853277F6BD200B87B04 /* Rooms */ = {
			isa = PBXGroup;
			children = (
				3858185D277FA39E00B87B04 /* Headers */,
				3858185A277F9BA200B87B04 /* Cells */,
				3858184F277F6BAF00B87B04 /* Rooms.storyboard */,
				38581851277F6BC400B87B04 /* RoomsViewController.swift */,
				38581854277F97BC00B87B04 /* RoomsViewModel.swift */,
			);
			path = Rooms;
			sourceTree = "<group>";
		};
		3858185A277F9BA200B87B04 /* Cells */ = {
			isa = PBXGroup;
			children = (
				38581856277F9B9A00B87B04 /* RoomTableViewCell.swift */,
				38581857277F9B9B00B87B04 /* RoomTableViewCell.xib */,
			);
			path = Cells;
			sourceTree = "<group>";
		};
		3858185D277FA39E00B87B04 /* Headers */ = {
			isa = PBXGroup;
			children = (
				3858185B277FA39100B87B04 /* RoomsHeaderView.swift */,
				3858185E277FA41E00B87B04 /* RoomsHeaderView.xib */,
			);
			path = Headers;
			sourceTree = "<group>";
		};
		38581866278077AA00B87B04 /* People */ = {
			isa = PBXGroup;
			children = (
				38581862278076B700B87B04 /* People.storyboard */,
				3858186B27808F7900B87B04 /* PeopleViewModel.swift */,
				38581864278077A300B87B04 /* PeopleMasterTableViewController.swift */,
				3858186727807B0100B87B04 /* PeopleDetailViewController.swift */,
				385818692780872A00B87B04 /* PeopleSplitViewController.swift */,
			);
			path = People;
			sourceTree = "<group>";
		};
/* End PBXGroup section */

/* Begin PBXNativeTarget section */
		3858180C277F586E00B87B04 /* Connect */ = {
			isa = PBXNativeTarget;
			buildConfigurationList = 38581837277F587500B87B04 /* Build configuration list for PBXNativeTarget "Connect" */;
			buildPhases = (
				38581809277F586E00B87B04 /* Sources */,
				3858180A277F586E00B87B04 /* Frameworks */,
				3858180B277F586E00B87B04 /* Resources */,
			);
			buildRules = (
			);
			dependencies = (
			);
			name = Connect;
			productName = Connect;
			productReference = 3858180D277F586E00B87B04 /* Connect.app */;
			productType = "com.apple.product-type.application";
		};
		38581822277F587400B87B04 /* ConnectTests */ = {
			isa = PBXNativeTarget;
			buildConfigurationList = 3858183A277F587500B87B04 /* Build configuration list for PBXNativeTarget "ConnectTests" */;
			buildPhases = (
				3858181F277F587400B87B04 /* Sources */,
				38581820277F587400B87B04 /* Frameworks */,
				38581821277F587400B87B04 /* Resources */,
			);
			buildRules = (
			);
			dependencies = (
				38581825277F587400B87B04 /* PBXTargetDependency */,
			);
			name = ConnectTests;
			productName = ConnectTests;
			productReference = 38581823277F587400B87B04 /* ConnectTests.xctest */;
			productType = "com.apple.product-type.bundle.unit-test";
		};
		3858182C277F587400B87B04 /* ConnectUITests */ = {
			isa = PBXNativeTarget;
			buildConfigurationList = 3858183D277F587500B87B04 /* Build configuration list for PBXNativeTarget "ConnectUITests" */;
			buildPhases = (
				38581829277F587400B87B04 /* Sources */,
				3858182A277F587400B87B04 /* Frameworks */,
				3858182B277F587400B87B04 /* Resources */,
			);
			buildRules = (
			);
			dependencies = (
				3858182F277F587400B87B04 /* PBXTargetDependency */,
			);
			name = ConnectUITests;
			productName = ConnectUITests;
			productReference = 3858182D277F587400B87B04 /* ConnectUITests.xctest */;
			productType = "com.apple.product-type.bundle.ui-testing";
		};
/* End PBXNativeTarget section */

/* Begin PBXProject section */
		38581805277F586E00B87B04 /* Project object */ = {
			isa = PBXProject;
			attributes = {
				BuildIndependentTargetsInParallel = 1;
				LastSwiftUpdateCheck = 1310;
				LastUpgradeCheck = 1310;
				TargetAttributes = {
					3858180C277F586E00B87B04 = {
						CreatedOnToolsVersion = 13.1;
					};
					38581822277F587400B87B04 = {
						CreatedOnToolsVersion = 13.1;
						TestTargetID = 3858180C277F586E00B87B04;
					};
					3858182C277F587400B87B04 = {
						CreatedOnToolsVersion = 13.1;
						TestTargetID = 3858180C277F586E00B87B04;
					};
				};
			};
			buildConfigurationList = 38581808277F586E00B87B04 /* Build configuration list for PBXProject "Connect" */;
			compatibilityVersion = "Xcode 13.0";
			developmentRegion = en;
			hasScannedForEncodings = 0;
			knownRegions = (
				en,
				Base,
			);
			mainGroup = 38581804277F586E00B87B04;
			productRefGroup = 3858180E277F586E00B87B04 /* Products */;
			projectDirPath = "";
			projectRoot = "";
			targets = (
				3858180C277F586E00B87B04 /* Connect */,
				38581822277F587400B87B04 /* ConnectTests */,
				3858182C277F587400B87B04 /* ConnectUITests */,
			);
		};
/* End PBXProject section */

/* Begin PBXResourcesBuildPhase section */
		3858180B277F586E00B87B04 /* Resources */ = {
			isa = PBXResourcesBuildPhase;
			buildActionMask = 2147483647;
			files = (
				38581859277F9B9B00B87B04 /* RoomTableViewCell.xib in Resources */,
				38581844277F62DD00B87B04 /* Home.storyboard in Resources */,
				3858181D277F587400B87B04 /* LaunchScreen.storyboard in Resources */,
				3858181A277F587400B87B04 /* Assets.xcassets in Resources */,
				3858185F277FA41E00B87B04 /* RoomsHeaderView.xib in Resources */,
				38581863278076B700B87B04 /* People.storyboard in Resources */,
				38581850277F6BAF00B87B04 /* Rooms.storyboard in Resources */,
			);
			runOnlyForDeploymentPostprocessing = 0;
		};
		38581821277F587400B87B04 /* Resources */ = {
			isa = PBXResourcesBuildPhase;
			buildActionMask = 2147483647;
			files = (
			);
			runOnlyForDeploymentPostprocessing = 0;
		};
		3858182B277F587400B87B04 /* Resources */ = {
			isa = PBXResourcesBuildPhase;
			buildActionMask = 2147483647;
			files = (
			);
			runOnlyForDeploymentPostprocessing = 0;
		};
/* End PBXResourcesBuildPhase section */

/* Begin PBXSourcesBuildPhase section */
		38581809277F586E00B87B04 /* Sources */ = {
			isa = PBXSourcesBuildPhase;
			buildActionMask = 2147483647;
			files = (
				3858186C27808F7900B87B04 /* PeopleViewModel.swift in Sources */,
				38581811277F586E00B87B04 /* AppDelegate.swift in Sources */,
				38581865278077A300B87B04 /* PeopleMasterTableViewController.swift in Sources */,
				3858186A2780872A00B87B04 /* PeopleSplitViewController.swift in Sources */,
				3858184A277F698000B87B04 /* NetworkService.swift in Sources */,
				3858186827807B0100B87B04 /* PeopleDetailViewController.swift in Sources */,
				38581852277F6BC400B87B04 /* RoomsViewController.swift in Sources */,
				38581858277F9B9B00B87B04 /* RoomTableViewCell.swift in Sources */,
				3858185C277FA39100B87B04 /* RoomsHeaderView.swift in Sources */,
				3858184D277F6A0800B87B04 /* Room.swift in Sources */,
				385818612780750C00B87B04 /* Person.swift in Sources */,
				38581846277F62F700B87B04 /* HomeViewController.swift in Sources */,
				38581855277F97BC00B87B04 /* RoomsViewModel.swift in Sources */,
			);
			runOnlyForDeploymentPostprocessing = 0;
		};
		3858181F277F587400B87B04 /* Sources */ = {
			isa = PBXSourcesBuildPhase;
			buildActionMask = 2147483647;
			files = (
				38581828277F587400B87B04 /* ConnectTests.swift in Sources */,
			);
			runOnlyForDeploymentPostprocessing = 0;
		};
		38581829277F587400B87B04 /* Sources */ = {
			isa = PBXSourcesBuildPhase;
			buildActionMask = 2147483647;
			files = (
				38581832277F587400B87B04 /* ConnectUITests.swift in Sources */,
				38581834277F587500B87B04 /* ConnectUITestsLaunchTests.swift in Sources */,
			);
			runOnlyForDeploymentPostprocessing = 0;
		};
/* End PBXSourcesBuildPhase section */

/* Begin PBXTargetDependency section */
		38581825277F587400B87B04 /* PBXTargetDependency */ = {
			isa = PBXTargetDependency;
			target = 3858180C277F586E00B87B04 /* Connect */;
			targetProxy = 38581824277F587400B87B04 /* PBXContainerItemProxy */;
		};
		3858182F277F587400B87B04 /* PBXTargetDependency */ = {
			isa = PBXTargetDependency;
			target = 3858180C277F586E00B87B04 /* Connect */;
			targetProxy = 3858182E277F587400B87B04 /* PBXContainerItemProxy */;
		};
/* End PBXTargetDependency section */

/* Begin PBXVariantGroup section */
		3858181B277F587400B87B04 /* LaunchScreen.storyboard */ = {
			isa = PBXVariantGroup;
			children = (
				3858181C277F587400B87B04 /* Base */,
			);
			name = LaunchScreen.storyboard;
			sourceTree = "<group>";
		};
/* End PBXVariantGroup section */

/* Begin XCBuildConfiguration section */
		38581835277F587500B87B04 /* Debug */ = {
			isa = XCBuildConfiguration;
			buildSettings = {
				ALWAYS_SEARCH_USER_PATHS = NO;
				CLANG_ANALYZER_NONNULL = YES;
				CLANG_ANALYZER_NUMBER_OBJECT_CONVERSION = YES_AGGRESSIVE;
				CLANG_CXX_LANGUAGE_STANDARD = "gnu++17";
				CLANG_CXX_LIBRARY = "libc++";
				CLANG_ENABLE_MODULES = YES;
				CLANG_ENABLE_OBJC_ARC = YES;
				CLANG_ENABLE_OBJC_WEAK = YES;
				CLANG_WARN_BLOCK_CAPTURE_AUTORELEASING = YES;
				CLANG_WARN_BOOL_CONVERSION = YES;
				CLANG_WARN_COMMA = YES;
				CLANG_WARN_CONSTANT_CONVERSION = YES;
				CLANG_WARN_DEPRECATED_OBJC_IMPLEMENTATIONS = YES;
				CLANG_WARN_DIRECT_OBJC_ISA_USAGE = YES_ERROR;
				CLANG_WARN_DOCUMENTATION_COMMENTS = YES;
				CLANG_WARN_EMPTY_BODY = YES;
				CLANG_WARN_ENUM_CONVERSION = YES;
				CLANG_WARN_INFINITE_RECURSION = YES;
				CLANG_WARN_INT_CONVERSION = YES;
				CLANG_WARN_NON_LITERAL_NULL_CONVERSION = YES;
				CLANG_WARN_OBJC_IMPLICIT_RETAIN_SELF = YES;
				CLANG_WARN_OBJC_LITERAL_CONVERSION = YES;
				CLANG_WARN_OBJC_ROOT_CLASS = YES_ERROR;
				CLANG_WARN_QUOTED_INCLUDE_IN_FRAMEWORK_HEADER = YES;
				CLANG_WARN_RANGE_LOOP_ANALYSIS = YES;
				CLANG_WARN_STRICT_PROTOTYPES = YES;
				CLANG_WARN_SUSPICIOUS_MOVE = YES;
				CLANG_WARN_UNGUARDED_AVAILABILITY = YES_AGGRESSIVE;
				CLANG_WARN_UNREACHABLE_CODE = YES;
				CLANG_WARN__DUPLICATE_METHOD_MATCH = YES;
				COPY_PHASE_STRIP = NO;
				DEBUG_INFORMATION_FORMAT = dwarf;
				ENABLE_STRICT_OBJC_MSGSEND = YES;
				ENABLE_TESTABILITY = YES;
				GCC_C_LANGUAGE_STANDARD = gnu11;
				GCC_DYNAMIC_NO_PIC = NO;
				GCC_NO_COMMON_BLOCKS = YES;
				GCC_OPTIMIZATION_LEVEL = 0;
				GCC_PREPROCESSOR_DEFINITIONS = (
					"DEBUG=1",
					"$(inherited)",
				);
				GCC_WARN_64_TO_32_BIT_CONVERSION = YES;
				GCC_WARN_ABOUT_RETURN_TYPE = YES_ERROR;
				GCC_WARN_UNDECLARED_SELECTOR = YES;
				GCC_WARN_UNINITIALIZED_AUTOS = YES_AGGRESSIVE;
				GCC_WARN_UNUSED_FUNCTION = YES;
				GCC_WARN_UNUSED_VARIABLE = YES;
				IPHONEOS_DEPLOYMENT_TARGET = 15.0;
				MTL_ENABLE_DEBUG_INFO = INCLUDE_SOURCE;
				MTL_FAST_MATH = YES;
				ONLY_ACTIVE_ARCH = YES;
				SDKROOT = iphoneos;
				SWIFT_ACTIVE_COMPILATION_CONDITIONS = DEBUG;
				SWIFT_OPTIMIZATION_LEVEL = "-Onone";
			};
			name = Debug;
		};
		38581836277F587500B87B04 /* Release */ = {
			isa = XCBuildConfiguration;
			buildSettings = {
				ALWAYS_SEARCH_USER_PATHS = NO;
				CLANG_ANALYZER_NONNULL = YES;
				CLANG_ANALYZER_NUMBER_OBJECT_CONVERSION = YES_AGGRESSIVE;
				CLANG_CXX_LANGUAGE_STANDARD = "gnu++17";
				CLANG_CXX_LIBRARY = "libc++";
				CLANG_ENABLE_MODULES = YES;
				CLANG_ENABLE_OBJC_ARC = YES;
				CLANG_ENABLE_OBJC_WEAK = YES;
				CLANG_WARN_BLOCK_CAPTURE_AUTORELEASING = YES;
				CLANG_WARN_BOOL_CONVERSION = YES;
				CLANG_WARN_COMMA = YES;
				CLANG_WARN_CONSTANT_CONVERSION = YES;
				CLANG_WARN_DEPRECATED_OBJC_IMPLEMENTATIONS = YES;
				CLANG_WARN_DIRECT_OBJC_ISA_USAGE = YES_ERROR;
				CLANG_WARN_DOCUMENTATION_COMMENTS = YES;
				CLANG_WARN_EMPTY_BODY = YES;
				CLANG_WARN_ENUM_CONVERSION = YES;
				CLANG_WARN_INFINITE_RECURSION = YES;
				CLANG_WARN_INT_CONVERSION = YES;
				CLANG_WARN_NON_LITERAL_NULL_CONVERSION = YES;
				CLANG_WARN_OBJC_IMPLICIT_RETAIN_SELF = YES;
				CLANG_WARN_OBJC_LITERAL_CONVERSION = YES;
				CLANG_WARN_OBJC_ROOT_CLASS = YES_ERROR;
				CLANG_WARN_QUOTED_INCLUDE_IN_FRAMEWORK_HEADER = YES;
				CLANG_WARN_RANGE_LOOP_ANALYSIS = YES;
				CLANG_WARN_STRICT_PROTOTYPES = YES;
				CLANG_WARN_SUSPICIOUS_MOVE = YES;
				CLANG_WARN_UNGUARDED_AVAILABILITY = YES_AGGRESSIVE;
				CLANG_WARN_UNREACHABLE_CODE = YES;
				CLANG_WARN__DUPLICATE_METHOD_MATCH = YES;
				COPY_PHASE_STRIP = NO;
				DEBUG_INFORMATION_FORMAT = "dwarf-with-dsym";
				ENABLE_NS_ASSERTIONS = NO;
				ENABLE_STRICT_OBJC_MSGSEND = YES;
				GCC_C_LANGUAGE_STANDARD = gnu11;
				GCC_NO_COMMON_BLOCKS = YES;
				GCC_WARN_64_TO_32_BIT_CONVERSION = YES;
				GCC_WARN_ABOUT_RETURN_TYPE = YES_ERROR;
				GCC_WARN_UNDECLARED_SELECTOR = YES;
				GCC_WARN_UNINITIALIZED_AUTOS = YES_AGGRESSIVE;
				GCC_WARN_UNUSED_FUNCTION = YES;
				GCC_WARN_UNUSED_VARIABLE = YES;
				IPHONEOS_DEPLOYMENT_TARGET = 15.0;
				MTL_ENABLE_DEBUG_INFO = NO;
				MTL_FAST_MATH = YES;
				SDKROOT = iphoneos;
				SWIFT_COMPILATION_MODE = wholemodule;
				SWIFT_OPTIMIZATION_LEVEL = "-O";
				VALIDATE_PRODUCT = YES;
			};
			name = Release;
		};
		38581838277F587500B87B04 /* Debug */ = {
			isa = XCBuildConfiguration;
			buildSettings = {
				ASSETCATALOG_COMPILER_APPICON_NAME = AppIcon;
				ASSETCATALOG_COMPILER_GLOBAL_ACCENT_COLOR_NAME = AccentColor;
				CODE_SIGN_STYLE = Automatic;
				CURRENT_PROJECT_VERSION = 1;
				DEVELOPMENT_TEAM = JR29GB78R3;
				GENERATE_INFOPLIST_FILE = YES;
				INFOPLIST_FILE = Connect/Info.plist;
				INFOPLIST_KEY_UIApplicationSupportsIndirectInputEvents = YES;
				INFOPLIST_KEY_UILaunchStoryboardName = LaunchScreen;
				INFOPLIST_KEY_UIMainStoryboardFile = Home;
				INFOPLIST_KEY_UISupportedInterfaceOrientations_iPad = "UIInterfaceOrientationPortrait UIInterfaceOrientationPortraitUpsideDown UIInterfaceOrientationLandscapeLeft UIInterfaceOrientationLandscapeRight";
				INFOPLIST_KEY_UISupportedInterfaceOrientations_iPhone = "UIInterfaceOrientationPortrait UIInterfaceOrientationLandscapeLeft UIInterfaceOrientationLandscapeRight";
				IPHONEOS_DEPLOYMENT_TARGET = 11.0;
				LD_RUNPATH_SEARCH_PATHS = (
					"$(inherited)",
					"@executable_path/Frameworks",
				);
				MARKETING_VERSION = 1.0;
				PRODUCT_BUNDLE_IDENTIFIER = com.Malak.Connect;
				PRODUCT_NAME = "$(TARGET_NAME)";
				SWIFT_EMIT_LOC_STRINGS = YES;
				SWIFT_VERSION = 5.0;
				TARGETED_DEVICE_FAMILY = "1,2";
			};
			name = Debug;
		};
		38581839277F587500B87B04 /* Release */ = {
			isa = XCBuildConfiguration;
			buildSettings = {
				ASSETCATALOG_COMPILER_APPICON_NAME = AppIcon;
				ASSETCATALOG_COMPILER_GLOBAL_ACCENT_COLOR_NAME = AccentColor;
				CODE_SIGN_STYLE = Automatic;
				CURRENT_PROJECT_VERSION = 1;
				DEVELOPMENT_TEAM = JR29GB78R3;
				GENERATE_INFOPLIST_FILE = YES;
				INFOPLIST_FILE = Connect/Info.plist;
				INFOPLIST_KEY_UIApplicationSupportsIndirectInputEvents = YES;
				INFOPLIST_KEY_UILaunchStoryboardName = LaunchScreen;
				INFOPLIST_KEY_UIMainStoryboardFile = Home;
				INFOPLIST_KEY_UISupportedInterfaceOrientations_iPad = "UIInterfaceOrientationPortrait UIInterfaceOrientationPortraitUpsideDown UIInterfaceOrientationLandscapeLeft UIInterfaceOrientationLandscapeRight";
				INFOPLIST_KEY_UISupportedInterfaceOrientations_iPhone = "UIInterfaceOrientationPortrait UIInterfaceOrientationLandscapeLeft UIInterfaceOrientationLandscapeRight";
				IPHONEOS_DEPLOYMENT_TARGET = 11.0;
				LD_RUNPATH_SEARCH_PATHS = (
					"$(inherited)",
					"@executable_path/Frameworks",
				);
				MARKETING_VERSION = 1.0;
				PRODUCT_BUNDLE_IDENTIFIER = com.Malak.Connect;
				PRODUCT_NAME = "$(TARGET_NAME)";
				SWIFT_EMIT_LOC_STRINGS = YES;
				SWIFT_VERSION = 5.0;
				TARGETED_DEVICE_FAMILY = "1,2";
			};
			name = Release;
		};
		3858183B277F587500B87B04 /* Debug */ = {
			isa = XCBuildConfiguration;
			buildSettings = {
				ALWAYS_EMBED_SWIFT_STANDARD_LIBRARIES = YES;
				BUNDLE_LOADER = "$(TEST_HOST)";
				CODE_SIGN_STYLE = Automatic;
				CURRENT_PROJECT_VERSION = 1;
				DEVELOPMENT_TEAM = JR29GB78R3;
				GENERATE_INFOPLIST_FILE = YES;
				IPHONEOS_DEPLOYMENT_TARGET = 15.0;
				LD_RUNPATH_SEARCH_PATHS = (
					"$(inherited)",
					"@executable_path/Frameworks",
					"@loader_path/Frameworks",
				);
				MARKETING_VERSION = 1.0;
				PRODUCT_BUNDLE_IDENTIFIER = com.Malak.ConnectTests;
				PRODUCT_NAME = "$(TARGET_NAME)";
				SWIFT_EMIT_LOC_STRINGS = NO;
				SWIFT_VERSION = 5.0;
				TARGETED_DEVICE_FAMILY = "1,2";
				TEST_HOST = "$(BUILT_PRODUCTS_DIR)/Connect.app/Connect";
			};
			name = Debug;
		};
		3858183C277F587500B87B04 /* Release */ = {
			isa = XCBuildConfiguration;
			buildSettings = {
				ALWAYS_EMBED_SWIFT_STANDARD_LIBRARIES = YES;
				BUNDLE_LOADER = "$(TEST_HOST)";
				CODE_SIGN_STYLE = Automatic;
				CURRENT_PROJECT_VERSION = 1;
				DEVELOPMENT_TEAM = JR29GB78R3;
				GENERATE_INFOPLIST_FILE = YES;
				IPHONEOS_DEPLOYMENT_TARGET = 15.0;
				LD_RUNPATH_SEARCH_PATHS = (
					"$(inherited)",
					"@executable_path/Frameworks",
					"@loader_path/Frameworks",
				);
				MARKETING_VERSION = 1.0;
				PRODUCT_BUNDLE_IDENTIFIER = com.Malak.ConnectTests;
				PRODUCT_NAME = "$(TARGET_NAME)";
				SWIFT_EMIT_LOC_STRINGS = NO;
				SWIFT_VERSION = 5.0;
				TARGETED_DEVICE_FAMILY = "1,2";
				TEST_HOST = "$(BUILT_PRODUCTS_DIR)/Connect.app/Connect";
			};
			name = Release;
		};
		3858183E277F587500B87B04 /* Debug */ = {
			isa = XCBuildConfiguration;
			buildSettings = {
				ALWAYS_EMBED_SWIFT_STANDARD_LIBRARIES = YES;
				CODE_SIGN_STYLE = Automatic;
				CURRENT_PROJECT_VERSION = 1;
				DEVELOPMENT_TEAM = JR29GB78R3;
				GENERATE_INFOPLIST_FILE = YES;
				LD_RUNPATH_SEARCH_PATHS = (
					"$(inherited)",
					"@executable_path/Frameworks",
					"@loader_path/Frameworks",
				);
				MARKETING_VERSION = 1.0;
				PRODUCT_BUNDLE_IDENTIFIER = com.Malak.ConnectUITests;
				PRODUCT_NAME = "$(TARGET_NAME)";
				SWIFT_EMIT_LOC_STRINGS = NO;
				SWIFT_VERSION = 5.0;
				TARGETED_DEVICE_FAMILY = "1,2";
				TEST_TARGET_NAME = Connect;
			};
			name = Debug;
		};
		3858183F277F587500B87B04 /* Release */ = {
			isa = XCBuildConfiguration;
			buildSettings = {
				ALWAYS_EMBED_SWIFT_STANDARD_LIBRARIES = YES;
				CODE_SIGN_STYLE = Automatic;
				CURRENT_PROJECT_VERSION = 1;
				DEVELOPMENT_TEAM = JR29GB78R3;
				GENERATE_INFOPLIST_FILE = YES;
				LD_RUNPATH_SEARCH_PATHS = (
					"$(inherited)",
					"@executable_path/Frameworks",
					"@loader_path/Frameworks",
				);
				MARKETING_VERSION = 1.0;
				PRODUCT_BUNDLE_IDENTIFIER = com.Malak.ConnectUITests;
				PRODUCT_NAME = "$(TARGET_NAME)";
				SWIFT_EMIT_LOC_STRINGS = NO;
				SWIFT_VERSION = 5.0;
				TARGETED_DEVICE_FAMILY = "1,2";
				TEST_TARGET_NAME = Connect;
			};
			name = Release;
		};
/* End XCBuildConfiguration section */

/* Begin XCConfigurationList section */
		38581808277F586E00B87B04 /* Build configuration list for PBXProject "Connect" */ = {
			isa = XCConfigurationList;
			buildConfigurations = (
				38581835277F587500B87B04 /* Debug */,
				38581836277F587500B87B04 /* Release */,
			);
			defaultConfigurationIsVisible = 0;
			defaultConfigurationName = Release;
		};
		38581837277F587500B87B04 /* Build configuration list for PBXNativeTarget "Connect" */ = {
			isa = XCConfigurationList;
			buildConfigurations = (
				38581838277F587500B87B04 /* Debug */,
				38581839277F587500B87B04 /* Release */,
			);
			defaultConfigurationIsVisible = 0;
			defaultConfigurationName = Release;
		};
		3858183A277F587500B87B04 /* Build configuration list for PBXNativeTarget "ConnectTests" */ = {
			isa = XCConfigurationList;
			buildConfigurations = (
				3858183B277F587500B87B04 /* Debug */,
				3858183C277F587500B87B04 /* Release */,
			);
			defaultConfigurationIsVisible = 0;
			defaultConfigurationName = Release;
		};
		3858183D277F587500B87B04 /* Build configuration list for PBXNativeTarget "ConnectUITests" */ = {
			isa = XCConfigurationList;
			buildConfigurations = (
				3858183E277F587500B87B04 /* Debug */,
				3858183F277F587500B87B04 /* Release */,
			);
			defaultConfigurationIsVisible = 0;
			defaultConfigurationName = Release;
		};
/* End XCConfigurationList section */
	};
	rootObject = 38581805277F586E00B87B04 /* Project object */;
}
